
Microsoft Visual Studio Solution File, Format Version 12.00
# Visual Studio Version 17
VisualStudioVersion = 17.5.002.0
MinimumVisualStudioVersion = 10.0.40219.1
Project("{9A19103F-16F7-4668-BE54-9A1E7A4F7556}") = "numeros", "numeros\numeros.csproj", "{DCCCC994-CE23-496D-A0E9-BA366334F858}"
EndProject
Project("{FAE04EC0-301F-11D3-BF4B-00C04F79EFBC}") = "competencia", "competencia\competencia.csproj", "{9ABD86DE-05D6-4E48-A484-F8493903FD5B}"
EndProject
Project("{FAE04EC0-301F-11D3-BF4B-00C04F79EFBC}") = "sentenciaSimpleSueldo", "sentenciaSimpleSueldo\sentenciaSimpleSueldo.csproj", "{4A805786-E1D6-494B-90EF-68A1F4FAB783}"
EndProject
Project("{FAE04EC0-301F-11D3-BF4B-00C04F79EFBC}") = "SimplePerimetroTriangulo", "SimplePerimetroTriangulo\SimplePerimetroTriangulo.csproj", "{38282C35-D444-4E96-A97A-C423A7C8C386}"
EndProject
Project("{FAE04EC0-301F-11D3-BF4B-00C04F79EFBC}") = "SentenciaSimpleMaraton", "SentenciaSimpleMaraton\SentenciaSimpleMaraton.csproj", "{98F92F93-A838-429E-86B2-EFA524931B5E}"
EndProject
Project("{FAE04EC0-301F-11D3-BF4B-00C04F79EFBC}") = "ventasSentenciaSimple", "ventasSentenciaSimple\ventasSentenciaSimple.csproj", "{70C98E63-C1F0-4AA3-B466-982BAE93E23F}"
EndProject
Project("{FAE04EC0-301F-11D3-BF4B-00C04F79EFBC}") = "ViajeSentenciaSimple", "ViajeSentenciaSimple\ViajeSentenciaSimple.csproj", "{97E22776-488D-4248-BD71-FC83CCCA10F3}"
EndProject
Project("{FAE04EC0-301F-11D3-BF4B-00C04F79EFBC}") = "ConsumoCombustibleSentenciaSimple", "ConsumoCombustibleSentenciaSimple\ConsumoCombustibleSentenciaSimple.csproj", "{ECB23DE3-0E80-4667-9C01-B1CEB5A69E0C}"
EndProject
Project("{FAE04EC0-301F-11D3-BF4B-00C04F79EFBC}") = "Bateria", "Bateria\Bateria.csproj", "{50BCF486-F334-4389-8554-EDEE5DEE7808}"
EndProject
Project("{FAE04EC0-301F-11D3-BF4B-00C04F79EFBC}") = "SaldoEnCuenta", "SaldoEnCuenta\SaldoEnCuenta.csproj", "{ED338073-D394-4B31-ACD2-CD76F2A8CEB4}"
EndProject
Project("{FAE04EC0-301F-11D3-BF4B-00C04F79EFBC}") = "SueldoOperario", "SueldoOperario\SueldoOperario.csproj", "{8053DAA8-CB6F-4353-9B5F-34478FFBC064}"
EndProject
Project("{FAE04EC0-301F-11D3-BF4B-00C04F79EFBC}") = "Descuentos", "Descuentos\Descuentos.csproj", "{02C6E4B2-8863-424D-9840-61E920110AA7}"
EndProject
Project("{FAE04EC0-301F-11D3-BF4B-00C04F79EFBC}") = "MesNumero", "MesNumero\MesNumero.csproj", "{8EB6B0C9-9CF8-4A9E-9AF4-4B617C852BBF}"
EndProject
Project("{FAE04EC0-301F-11D3-BF4B-00C04F79EFBC}") = "MitadAnio", "MitadAnio\MitadAnio.csproj", "{242E9FBC-45B2-46A7-ACF8-E1F78DDF6011}"
EndProject
Project("{FAE04EC0-301F-11D3-BF4B-00C04F79EFBC}") = "ParesInpares", "ParesInpares\ParesInpares.csproj", "{BCD318A7-8F46-4318-A039-CB36A30BB06B}"
EndProject
Project("{FAE04EC0-301F-11D3-BF4B-00C04F79EFBC}") = "CincuentaSaldos", "CincuentaSaldos\CincuentaSaldos.csproj", "{F2B2DA07-6562-4A33-8E5A-013DC99B7B58}"
EndProject
Global
	GlobalSection(SolutionConfigurationPlatforms) = preSolution
		Debug|Any CPU = Debug|Any CPU
		Release|Any CPU = Release|Any CPU
	EndGlobalSection
	GlobalSection(ProjectConfigurationPlatforms) = postSolution
		{DCCCC994-CE23-496D-A0E9-BA366334F858}.Debug|Any CPU.ActiveCfg = Debug|Any CPU
		{DCCCC994-CE23-496D-A0E9-BA366334F858}.Debug|Any CPU.Build.0 = Debug|Any CPU
		{DCCCC994-CE23-496D-A0E9-BA366334F858}.Release|Any CPU.ActiveCfg = Release|Any CPU
		{DCCCC994-CE23-496D-A0E9-BA366334F858}.Release|Any CPU.Build.0 = Release|Any CPU
		{9ABD86DE-05D6-4E48-A484-F8493903FD5B}.Debug|Any CPU.ActiveCfg = Debug|Any CPU
		{9ABD86DE-05D6-4E48-A484-F8493903FD5B}.Debug|Any CPU.Build.0 = Debug|Any CPU
		{9ABD86DE-05D6-4E48-A484-F8493903FD5B}.Release|Any CPU.ActiveCfg = Release|Any CPU
		{9ABD86DE-05D6-4E48-A484-F8493903FD5B}.Release|Any CPU.Build.0 = Release|Any CPU
		{4A805786-E1D6-494B-90EF-68A1F4FAB783}.Debug|Any CPU.ActiveCfg = Debug|Any CPU
		{4A805786-E1D6-494B-90EF-68A1F4FAB783}.Debug|Any CPU.Build.0 = Debug|Any CPU
		{4A805786-E1D6-494B-90EF-68A1F4FAB783}.Release|Any CPU.ActiveCfg = Release|Any CPU
		{4A805786-E1D6-494B-90EF-68A1F4FAB783}.Release|Any CPU.Build.0 = Release|Any CPU
		{38282C35-D444-4E96-A97A-C423A7C8C386}.Debug|Any CPU.ActiveCfg = Debug|Any CPU
		{38282C35-D444-4E96-A97A-C423A7C8C386}.Debug|Any CPU.Build.0 = Debug|Any CPU
		{38282C35-D444-4E96-A97A-C423A7C8C386}.Release|Any CPU.ActiveCfg = Release|Any CPU
		{38282C35-D444-4E96-A97A-C423A7C8C386}.Release|Any CPU.Build.0 = Release|Any CPU
		{98F92F93-A838-429E-86B2-EFA524931B5E}.Debug|Any CPU.ActiveCfg = Debug|Any CPU
		{98F92F93-A838-429E-86B2-EFA524931B5E}.Debug|Any CPU.Build.0 = Debug|Any CPU
		{98F92F93-A838-429E-86B2-EFA524931B5E}.Release|Any CPU.ActiveCfg = Release|Any CPU
		{98F92F93-A838-429E-86B2-EFA524931B5E}.Release|Any CPU.Build.0 = Release|Any CPU
		{70C98E63-C1F0-4AA3-B466-982BAE93E23F}.Debug|Any CPU.ActiveCfg = Debug|Any CPU
		{70C98E63-C1F0-4AA3-B466-982BAE93E23F}.Debug|Any CPU.Build.0 = Debug|Any CPU
		{70C98E63-C1F0-4AA3-B466-982BAE93E23F}.Release|Any CPU.ActiveCfg = Release|Any CPU
		{70C98E63-C1F0-4AA3-B466-982BAE93E23F}.Release|Any CPU.Build.0 = Release|Any CPU
		{97E22776-488D-4248-BD71-FC83CCCA10F3}.Debug|Any CPU.ActiveCfg = Debug|Any CPU
		{97E22776-488D-4248-BD71-FC83CCCA10F3}.Debug|Any CPU.Build.0 = Debug|Any CPU
		{97E22776-488D-4248-BD71-FC83CCCA10F3}.Release|Any CPU.ActiveCfg = Release|Any CPU
		{97E22776-488D-4248-BD71-FC83CCCA10F3}.Release|Any CPU.Build.0 = Release|Any CPU
		{ECB23DE3-0E80-4667-9C01-B1CEB5A69E0C}.Debug|Any CPU.ActiveCfg = Debug|Any CPU
		{ECB23DE3-0E80-4667-9C01-B1CEB5A69E0C}.Debug|Any CPU.Build.0 = Debug|Any CPU
		{ECB23DE3-0E80-4667-9C01-B1CEB5A69E0C}.Release|Any CPU.ActiveCfg = Release|Any CPU
		{ECB23DE3-0E80-4667-9C01-B1CEB5A69E0C}.Release|Any CPU.Build.0 = Release|Any CPU
		{50BCF486-F334-4389-8554-EDEE5DEE7808}.Debug|Any CPU.ActiveCfg = Debug|Any CPU
		{50BCF486-F334-4389-8554-EDEE5DEE7808}.Debug|Any CPU.Build.0 = Debug|Any CPU
		{50BCF486-F334-4389-8554-EDEE5DEE7808}.Release|Any CPU.ActiveCfg = Release|Any CPU
		{50BCF486-F334-4389-8554-EDEE5DEE7808}.Release|Any CPU.Build.0 = Release|Any CPU
		{ED338073-D394-4B31-ACD2-CD76F2A8CEB4}.Debug|Any CPU.ActiveCfg = Debug|Any CPU
		{ED338073-D394-4B31-ACD2-CD76F2A8CEB4}.Debug|Any CPU.Build.0 = Debug|Any CPU
		{ED338073-D394-4B31-ACD2-CD76F2A8CEB4}.Release|Any CPU.ActiveCfg = Release|Any CPU
		{ED338073-D394-4B31-ACD2-CD76F2A8CEB4}.Release|Any CPU.Build.0 = Release|Any CPU
		{8053DAA8-CB6F-4353-9B5F-34478FFBC064}.Debug|Any CPU.ActiveCfg = Debug|Any CPU
		{8053DAA8-CB6F-4353-9B5F-34478FFBC064}.Debug|Any CPU.Build.0 = Debug|Any CPU
		{8053DAA8-CB6F-4353-9B5F-34478FFBC064}.Release|Any CPU.ActiveCfg = Release|Any CPU
		{8053DAA8-CB6F-4353-9B5F-34478FFBC064}.Release|Any CPU.Build.0 = Release|Any CPU
		{02C6E4B2-8863-424D-9840-61E920110AA7}.Debug|Any CPU.ActiveCfg = Debug|Any CPU
		{02C6E4B2-8863-424D-9840-61E920110AA7}.Debug|Any CPU.Build.0 = Debug|Any CPU
		{02C6E4B2-8863-424D-9840-61E920110AA7}.Release|Any CPU.ActiveCfg = Release|Any CPU
		{02C6E4B2-8863-424D-9840-61E920110AA7}.Release|Any CPU.Build.0 = Release|Any CPU
		{8EB6B0C9-9CF8-4A9E-9AF4-4B617C852BBF}.Debug|Any CPU.ActiveCfg = Debug|Any CPU
		{8EB6B0C9-9CF8-4A9E-9AF4-4B617C852BBF}.Debug|Any CPU.Build.0 = Debug|Any CPU
		{8EB6B0C9-9CF8-4A9E-9AF4-4B617C852BBF}.Release|Any CPU.ActiveCfg = Release|Any CPU
		{8EB6B0C9-9CF8-4A9E-9AF4-4B617C852BBF}.Release|Any CPU.Build.0 = Release|Any CPU
		{242E9FBC-45B2-46A7-ACF8-E1F78DDF6011}.Debug|Any CPU.ActiveCfg = Debug|Any CPU
		{242E9FBC-45B2-46A7-ACF8-E1F78DDF6011}.Debug|Any CPU.Build.0 = Debug|Any CPU
		{242E9FBC-45B2-46A7-ACF8-E1F78DDF6011}.Release|Any CPU.ActiveCfg = Release|Any CPU
		{242E9FBC-45B2-46A7-ACF8-E1F78DDF6011}.Release|Any CPU.Build.0 = Release|Any CPU
		{BCD318A7-8F46-4318-A039-CB36A30BB06B}.Debug|Any CPU.ActiveCfg = Debug|Any CPU
		{BCD318A7-8F46-4318-A039-CB36A30BB06B}.Debug|Any CPU.Build.0 = Debug|Any CPU
		{BCD318A7-8F46-4318-A039-CB36A30BB06B}.Release|Any CPU.ActiveCfg = Release|Any CPU
		{BCD318A7-8F46-4318-A039-CB36A30BB06B}.Release|Any CPU.Build.0 = Release|Any CPU
		{F2B2DA07-6562-4A33-8E5A-013DC99B7B58}.Debug|Any CPU.ActiveCfg = Debug|Any CPU
		{F2B2DA07-6562-4A33-8E5A-013DC99B7B58}.Debug|Any CPU.Build.0 = Debug|Any CPU
		{F2B2DA07-6562-4A33-8E5A-013DC99B7B58}.Release|Any CPU.ActiveCfg = Release|Any CPU
		{F2B2DA07-6562-4A33-8E5A-013DC99B7B58}.Release|Any CPU.Build.0 = Release|Any CPU
	EndGlobalSection
	GlobalSection(SolutionProperties) = preSolution
		HideSolutionNode = FALSE
	EndGlobalSection
	GlobalSection(ExtensibilityGlobals) = postSolution
		SolutionGuid = {359B7FB4-1250-430A-92A0-2BA0F8B1C4D6}
	EndGlobalSection
EndGlobal
