
Microsoft Visual Studio Solution File, Format Version 12.00
# Visual Studio Version 17
VisualStudioVersion = 17.9.34728.123
MinimumVisualStudioVersion = 10.0.40219.1
Project("{FAE04EC0-301F-11D3-BF4B-00C04F79EFBC}") = "PosicionFibonacci31", "PosicionFibonacci31\PosicionFibonacci31.csproj", "{A912AE38-9934-4470-9B7D-C0AB919C31DD}"
EndProject
Global
	GlobalSection(SolutionConfigurationPlatforms) = preSolution
		Debug|Any CPU = Debug|Any CPU
		Release|Any CPU = Release|Any CPU
	EndGlobalSection
	GlobalSection(ProjectConfigurationPlatforms) = postSolution
		{A912AE38-9934-4470-9B7D-C0AB919C31DD}.Debug|Any CPU.ActiveCfg = Debug|Any CPU
		{A912AE38-9934-4470-9B7D-C0AB919C31DD}.Debug|Any CPU.Build.0 = Debug|Any CPU
		{A912AE38-9934-4470-9B7D-C0AB919C31DD}.Release|Any CPU.ActiveCfg = Release|Any CPU
		{A912AE38-9934-4470-9B7D-C0AB919C31DD}.Release|Any CPU.Build.0 = Release|Any CPU
	EndGlobalSection
	GlobalSection(SolutionProperties) = preSolution
		HideSolutionNode = FALSE
	EndGlobalSection
	GlobalSection(ExtensibilityGlobals) = postSolution
		SolutionGuid = {F3740FF3-EE59-4D73-BBA4-7AB63D934C5B}
	EndGlobalSection
EndGlobal
