
Microsoft Visual Studio Solution File, Format Version 12.00
# Visual Studio Version 17
VisualStudioVersion = 17.9.34728.123
MinimumVisualStudioVersion = 10.0.40219.1
Project("{FAE04EC0-301F-11D3-BF4B-00C04F79EFBC}") = "DecimalHexaHexaDecimal30", "DecimalHexaHexaDecimal\DecimalHexaHexaDecimal30.csproj", "{9E0EA9D0-6658-48E4-8539-B266671EE89E}"
EndProject
Global
	GlobalSection(SolutionConfigurationPlatforms) = preSolution
		Debug|Any CPU = Debug|Any CPU
		Release|Any CPU = Release|Any CPU
	EndGlobalSection
	GlobalSection(ProjectConfigurationPlatforms) = postSolution
		{9E0EA9D0-6658-48E4-8539-B266671EE89E}.Debug|Any CPU.ActiveCfg = Debug|Any CPU
		{9E0EA9D0-6658-48E4-8539-B266671EE89E}.Debug|Any CPU.Build.0 = Debug|Any CPU
		{9E0EA9D0-6658-48E4-8539-B266671EE89E}.Release|Any CPU.ActiveCfg = Release|Any CPU
		{9E0EA9D0-6658-48E4-8539-B266671EE89E}.Release|Any CPU.Build.0 = Release|Any CPU
	EndGlobalSection
	GlobalSection(SolutionProperties) = preSolution
		HideSolutionNode = FALSE
	EndGlobalSection
	GlobalSection(ExtensibilityGlobals) = postSolution
		SolutionGuid = {AB181669-519D-4844-9EB0-B5499DC558D0}
	EndGlobalSection
EndGlobal
