
Microsoft Visual Studio Solution File, Format Version 12.00
# Visual Studio Version 17
VisualStudioVersion = 17.9.34728.123
MinimumVisualStudioVersion = 10.0.40219.1
Project("{FAE04EC0-301F-11D3-BF4B-00C04F79EFBC}") = "potencia", "potencia\potencia.csproj", "{3C2C0CCF-F454-49DB-9111-A554F8E74E42}"
EndProject
Global
	GlobalSection(SolutionConfigurationPlatforms) = preSolution
		Debug|Any CPU = Debug|Any CPU
		Release|Any CPU = Release|Any CPU
	EndGlobalSection
	GlobalSection(ProjectConfigurationPlatforms) = postSolution
		{3C2C0CCF-F454-49DB-9111-A554F8E74E42}.Debug|Any CPU.ActiveCfg = Debug|Any CPU
		{3C2C0CCF-F454-49DB-9111-A554F8E74E42}.Debug|Any CPU.Build.0 = Debug|Any CPU
		{3C2C0CCF-F454-49DB-9111-A554F8E74E42}.Release|Any CPU.ActiveCfg = Release|Any CPU
		{3C2C0CCF-F454-49DB-9111-A554F8E74E42}.Release|Any CPU.Build.0 = Release|Any CPU
	EndGlobalSection
	GlobalSection(SolutionProperties) = preSolution
		HideSolutionNode = FALSE
	EndGlobalSection
	GlobalSection(ExtensibilityGlobals) = postSolution
		SolutionGuid = {D01EDD85-7325-454C-915E-EB5DFD68E97A}
	EndGlobalSection
EndGlobal
