
Microsoft Visual Studio Solution File, Format Version 12.00
# Visual Studio Version 17
VisualStudioVersion = 17.9.34728.123
MinimumVisualStudioVersion = 10.0.40219.1
Project("{FAE04EC0-301F-11D3-BF4B-00C04F79EFBC}") = "Mensaje", "Mensaje\Mensaje.csproj", "{A2544174-D914-47AD-8C25-B57F35E752C3}"
EndProject
Global
	GlobalSection(SolutionConfigurationPlatforms) = preSolution
		Debug|Any CPU = Debug|Any CPU
		Release|Any CPU = Release|Any CPU
	EndGlobalSection
	GlobalSection(ProjectConfigurationPlatforms) = postSolution
		{A2544174-D914-47AD-8C25-B57F35E752C3}.Debug|Any CPU.ActiveCfg = Debug|Any CPU
		{A2544174-D914-47AD-8C25-B57F35E752C3}.Debug|Any CPU.Build.0 = Debug|Any CPU
		{A2544174-D914-47AD-8C25-B57F35E752C3}.Release|Any CPU.ActiveCfg = Release|Any CPU
		{A2544174-D914-47AD-8C25-B57F35E752C3}.Release|Any CPU.Build.0 = Release|Any CPU
	EndGlobalSection
	GlobalSection(SolutionProperties) = preSolution
		HideSolutionNode = FALSE
	EndGlobalSection
	GlobalSection(ExtensibilityGlobals) = postSolution
		SolutionGuid = {E0B1B78C-61E5-4530-BF33-31AB63D88953}
	EndGlobalSection
EndGlobal
