
Microsoft Visual Studio Solution File, Format Version 12.00
# Visual Studio Version 17
VisualStudioVersion = 17.9.34728.123
MinimumVisualStudioVersion = 10.0.40219.1
Project("{FAE04EC0-301F-11D3-BF4B-00C04F79EFBC}") = "OrdenarArray27", "OrdenarArray27\OrdenarArray27.csproj", "{991DE46B-B29F-4628-91A5-BA13114DCE5B}"
EndProject
Global
	GlobalSection(SolutionConfigurationPlatforms) = preSolution
		Debug|Any CPU = Debug|Any CPU
		Release|Any CPU = Release|Any CPU
	EndGlobalSection
	GlobalSection(ProjectConfigurationPlatforms) = postSolution
		{991DE46B-B29F-4628-91A5-BA13114DCE5B}.Debug|Any CPU.ActiveCfg = Debug|Any CPU
		{991DE46B-B29F-4628-91A5-BA13114DCE5B}.Debug|Any CPU.Build.0 = Debug|Any CPU
		{991DE46B-B29F-4628-91A5-BA13114DCE5B}.Release|Any CPU.ActiveCfg = Release|Any CPU
		{991DE46B-B29F-4628-91A5-BA13114DCE5B}.Release|Any CPU.Build.0 = Release|Any CPU
	EndGlobalSection
	GlobalSection(SolutionProperties) = preSolution
		HideSolutionNode = FALSE
	EndGlobalSection
	GlobalSection(ExtensibilityGlobals) = postSolution
		SolutionGuid = {8F735670-97E6-4ED8-BD01-F62388D1241B}
	EndGlobalSection
EndGlobal
