
Microsoft Visual Studio Solution File, Format Version 12.00
# Visual Studio Version 17
VisualStudioVersion = 17.9.34728.123
MinimumVisualStudioVersion = 10.0.40219.1
Project("{FAE04EC0-301F-11D3-BF4B-00C04F79EFBC}") = "Binario21", "Binario21\Binario21.csproj", "{8888ACA6-0D7E-4CA2-905B-24D9A8C455BD}"
EndProject
Global
	GlobalSection(SolutionConfigurationPlatforms) = preSolution
		Debug|Any CPU = Debug|Any CPU
		Release|Any CPU = Release|Any CPU
	EndGlobalSection
	GlobalSection(ProjectConfigurationPlatforms) = postSolution
		{8888ACA6-0D7E-4CA2-905B-24D9A8C455BD}.Debug|Any CPU.ActiveCfg = Debug|Any CPU
		{8888ACA6-0D7E-4CA2-905B-24D9A8C455BD}.Debug|Any CPU.Build.0 = Debug|Any CPU
		{8888ACA6-0D7E-4CA2-905B-24D9A8C455BD}.Release|Any CPU.ActiveCfg = Release|Any CPU
		{8888ACA6-0D7E-4CA2-905B-24D9A8C455BD}.Release|Any CPU.Build.0 = Release|Any CPU
	EndGlobalSection
	GlobalSection(SolutionProperties) = preSolution
		HideSolutionNode = FALSE
	EndGlobalSection
	GlobalSection(ExtensibilityGlobals) = postSolution
		SolutionGuid = {4FF8BB5E-5FBC-40EB-AEE1-51F5EE37D5E7}
	EndGlobalSection
EndGlobal
