
Microsoft Visual Studio Solution File, Format Version 12.00
# Visual Studio Version 17
VisualStudioVersion = 17.9.34728.123
MinimumVisualStudioVersion = 10.0.40219.1
Project("{FAE04EC0-301F-11D3-BF4B-00C04F79EFBC}") = "EjercicioAlumnos", "EjercicioAlumnos\EjercicioAlumnos.csproj", "{AAFF0E4A-144A-4278-BFD1-170CE2251C78}"
EndProject
Global
	GlobalSection(SolutionConfigurationPlatforms) = preSolution
		Debug|Any CPU = Debug|Any CPU
		Release|Any CPU = Release|Any CPU
	EndGlobalSection
	GlobalSection(ProjectConfigurationPlatforms) = postSolution
		{AAFF0E4A-144A-4278-BFD1-170CE2251C78}.Debug|Any CPU.ActiveCfg = Debug|Any CPU
		{AAFF0E4A-144A-4278-BFD1-170CE2251C78}.Debug|Any CPU.Build.0 = Debug|Any CPU
		{AAFF0E4A-144A-4278-BFD1-170CE2251C78}.Release|Any CPU.ActiveCfg = Release|Any CPU
		{AAFF0E4A-144A-4278-BFD1-170CE2251C78}.Release|Any CPU.Build.0 = Release|Any CPU
	EndGlobalSection
	GlobalSection(SolutionProperties) = preSolution
		HideSolutionNode = FALSE
	EndGlobalSection
	GlobalSection(ExtensibilityGlobals) = postSolution
		SolutionGuid = {146AF0E8-62B8-427B-8495-0BB7EF152540}
	EndGlobalSection
EndGlobal
