
Microsoft Visual Studio Solution File, Format Version 12.00
# Visual Studio Version 17
VisualStudioVersion = 17.9.34728.123
MinimumVisualStudioVersion = 10.0.40219.1
Project("{FAE04EC0-301F-11D3-BF4B-00C04F79EFBC}") = "DistanciaEuclidea23", "DistanciaEuclidea23\DistanciaEuclidea23.csproj", "{91895D62-876B-464D-B56E-10D6832A1009}"
EndProject
Global
	GlobalSection(SolutionConfigurationPlatforms) = preSolution
		Debug|Any CPU = Debug|Any CPU
		Release|Any CPU = Release|Any CPU
	EndGlobalSection
	GlobalSection(ProjectConfigurationPlatforms) = postSolution
		{91895D62-876B-464D-B56E-10D6832A1009}.Debug|Any CPU.ActiveCfg = Debug|Any CPU
		{91895D62-876B-464D-B56E-10D6832A1009}.Debug|Any CPU.Build.0 = Debug|Any CPU
		{91895D62-876B-464D-B56E-10D6832A1009}.Release|Any CPU.ActiveCfg = Release|Any CPU
		{91895D62-876B-464D-B56E-10D6832A1009}.Release|Any CPU.Build.0 = Release|Any CPU
	EndGlobalSection
	GlobalSection(SolutionProperties) = preSolution
		HideSolutionNode = FALSE
	EndGlobalSection
	GlobalSection(ExtensibilityGlobals) = postSolution
		SolutionGuid = {8A4B9BAB-341D-4F97-8DE6-EAB999BC0284}
	EndGlobalSection
EndGlobal
